
Microsoft Visual Studio Solution File, Format Version 12.00
# Visual Studio Version 17
VisualStudioVersion = 17.9.34607.119
MinimumVisualStudioVersion = 10.0.40219.1
Project("{9A19103F-16F7-4668-BE54-9A1E7A4F7556}") = "Trabalho2", "Trabalho2\Trabalho2.csproj", "{F48E6351-3F2D-45CA-A15F-5EA964EC8FF9}"
EndProject
Project("{FAE04EC0-301F-11D3-BF4B-00C04F79EFBC}") = "TesteTrabalho2", "TesteTrabalho2\TesteTrabalho2.csproj", "{10D20A85-5A22-407F-AD48-CB3BA0F8DDBD}"
EndProject
Global
	GlobalSection(SolutionConfigurationPlatforms) = preSolution
		Debug|Any CPU = Debug|Any CPU
		Release|Any CPU = Release|Any CPU
	EndGlobalSection
	GlobalSection(ProjectConfigurationPlatforms) = postSolution
		{F48E6351-3F2D-45CA-A15F-5EA964EC8FF9}.Debug|Any CPU.ActiveCfg = Debug|Any CPU
		{F48E6351-3F2D-45CA-A15F-5EA964EC8FF9}.Debug|Any CPU.Build.0 = Debug|Any CPU
		{F48E6351-3F2D-45CA-A15F-5EA964EC8FF9}.Release|Any CPU.ActiveCfg = Release|Any CPU
		{F48E6351-3F2D-45CA-A15F-5EA964EC8FF9}.Release|Any CPU.Build.0 = Release|Any CPU
		{10D20A85-5A22-407F-AD48-CB3BA0F8DDBD}.Debug|Any CPU.ActiveCfg = Debug|Any CPU
		{10D20A85-5A22-407F-AD48-CB3BA0F8DDBD}.Debug|Any CPU.Build.0 = Debug|Any CPU
		{10D20A85-5A22-407F-AD48-CB3BA0F8DDBD}.Release|Any CPU.ActiveCfg = Release|Any CPU
		{10D20A85-5A22-407F-AD48-CB3BA0F8DDBD}.Release|Any CPU.Build.0 = Release|Any CPU
	EndGlobalSection
	GlobalSection(SolutionProperties) = preSolution
		HideSolutionNode = FALSE
	EndGlobalSection
	GlobalSection(ExtensibilityGlobals) = postSolution
		SolutionGuid = {FB85FF55-6205-4204-9F5A-00AA36BBC07C}
	EndGlobalSection
EndGlobal
